
Microsoft Visual Studio Solution File, Format Version 12.00
# Visual Studio Version 17
VisualStudioVersion = 17.2.32630.192
MinimumVisualStudioVersion = 10.0.40219.1
Project("{FAE04EC0-301F-11D3-BF4B-00C04F79EFBC}") = "GroupBox_CheckBox_RadioBox", "GroupBox_CheckBox_RadioBox\GroupBox_CheckBox_RadioBox.csproj", "{7F8CDDB5-C4E7-425A-B5EC-2DEF20CBFF0A}"
EndProject
Global
	GlobalSection(SolutionConfigurationPlatforms) = preSolution
		Debug|Any CPU = Debug|Any CPU
		Release|Any CPU = Release|Any CPU
	EndGlobalSection
	GlobalSection(ProjectConfigurationPlatforms) = postSolution
		{7F8CDDB5-C4E7-425A-B5EC-2DEF20CBFF0A}.Debug|Any CPU.ActiveCfg = Debug|Any CPU
		{7F8CDDB5-C4E7-425A-B5EC-2DEF20CBFF0A}.Debug|Any CPU.Build.0 = Debug|Any CPU
		{7F8CDDB5-C4E7-425A-B5EC-2DEF20CBFF0A}.Release|Any CPU.ActiveCfg = Release|Any CPU
		{7F8CDDB5-C4E7-425A-B5EC-2DEF20CBFF0A}.Release|Any CPU.Build.0 = Release|Any CPU
	EndGlobalSection
	GlobalSection(SolutionProperties) = preSolution
		HideSolutionNode = FALSE
	EndGlobalSection
	GlobalSection(ExtensibilityGlobals) = postSolution
		SolutionGuid = {A1C7A5CE-FBA7-4D89-B06F-12B043DEABCE}
	EndGlobalSection
EndGlobal
