
Microsoft Visual Studio Solution File, Format Version 12.00
# Visual Studio Version 17
VisualStudioVersion = 17.2.32630.192
MinimumVisualStudioVersion = 10.0.40219.1
Project("{FAE04EC0-301F-11D3-BF4B-00C04F79EFBC}") = "PictureBox", "PictureBox\PictureBox.csproj", "{6AA7E97D-9B47-405B-A23F-8F343B47FF39}"
EndProject
Global
	GlobalSection(SolutionConfigurationPlatforms) = preSolution
		Debug|Any CPU = Debug|Any CPU
		Release|Any CPU = Release|Any CPU
	EndGlobalSection
	GlobalSection(ProjectConfigurationPlatforms) = postSolution
		{6AA7E97D-9B47-405B-A23F-8F343B47FF39}.Debug|Any CPU.ActiveCfg = Debug|Any CPU
		{6AA7E97D-9B47-405B-A23F-8F343B47FF39}.Debug|Any CPU.Build.0 = Debug|Any CPU
		{6AA7E97D-9B47-405B-A23F-8F343B47FF39}.Release|Any CPU.ActiveCfg = Release|Any CPU
		{6AA7E97D-9B47-405B-A23F-8F343B47FF39}.Release|Any CPU.Build.0 = Release|Any CPU
	EndGlobalSection
	GlobalSection(SolutionProperties) = preSolution
		HideSolutionNode = FALSE
	EndGlobalSection
	GlobalSection(ExtensibilityGlobals) = postSolution
		SolutionGuid = {4E057AF5-FBD2-447C-AD2E-26418C52AD13}
	EndGlobalSection
EndGlobal
