
Microsoft Visual Studio Solution File, Format Version 12.00
# Visual Studio Version 17
VisualStudioVersion = 17.2.32630.192
MinimumVisualStudioVersion = 10.0.40219.1
Project("{FAE04EC0-301F-11D3-BF4B-00C04F79EFBC}") = "ListBox", "ListBox\ListBox.csproj", "{AF3E55BC-6686-438F-B396-B4122245EFCA}"
EndProject
Project("{FAE04EC0-301F-11D3-BF4B-00C04F79EFBC}") = "ListBoxSinhVien", "ListBoxSinhVien\ListBoxSinhVien.csproj", "{A3EBDD6E-1F12-4146-B81F-3C88397B5C73}"
EndProject
Global
	GlobalSection(SolutionConfigurationPlatforms) = preSolution
		Debug|Any CPU = Debug|Any CPU
		Release|Any CPU = Release|Any CPU
	EndGlobalSection
	GlobalSection(ProjectConfigurationPlatforms) = postSolution
		{AF3E55BC-6686-438F-B396-B4122245EFCA}.Debug|Any CPU.ActiveCfg = Debug|Any CPU
		{AF3E55BC-6686-438F-B396-B4122245EFCA}.Debug|Any CPU.Build.0 = Debug|Any CPU
		{AF3E55BC-6686-438F-B396-B4122245EFCA}.Release|Any CPU.ActiveCfg = Release|Any CPU
		{AF3E55BC-6686-438F-B396-B4122245EFCA}.Release|Any CPU.Build.0 = Release|Any CPU
		{A3EBDD6E-1F12-4146-B81F-3C88397B5C73}.Debug|Any CPU.ActiveCfg = Debug|Any CPU
		{A3EBDD6E-1F12-4146-B81F-3C88397B5C73}.Debug|Any CPU.Build.0 = Debug|Any CPU
		{A3EBDD6E-1F12-4146-B81F-3C88397B5C73}.Release|Any CPU.ActiveCfg = Release|Any CPU
		{A3EBDD6E-1F12-4146-B81F-3C88397B5C73}.Release|Any CPU.Build.0 = Release|Any CPU
	EndGlobalSection
	GlobalSection(SolutionProperties) = preSolution
		HideSolutionNode = FALSE
	EndGlobalSection
	GlobalSection(ExtensibilityGlobals) = postSolution
		SolutionGuid = {E86C8914-DD3D-4C6E-9E93-AEAB2FAF45F2}
	EndGlobalSection
EndGlobal
